
Microsoft Visual Studio Solution File, Format Version 12.00
# Visual Studio Version 17
VisualStudioVersion = 17.2.32526.322
MinimumVisualStudioVersion = 10.0.40219.1
Project("{9A19103F-16F7-4668-BE54-9A1E7A4F7556}") = "TestGPA", "TestGPA\TestGPA.csproj", "{ADA8FDF9-9771-4E7E-8C69-4B0F60DF1054}"
EndProject
Global
	GlobalSection(SolutionConfigurationPlatforms) = preSolution
		Debug|Any CPU = Debug|Any CPU
		Release|Any CPU = Release|Any CPU
	EndGlobalSection
	GlobalSection(ProjectConfigurationPlatforms) = postSolution
		{ADA8FDF9-9771-4E7E-8C69-4B0F60DF1054}.Debug|Any CPU.ActiveCfg = Debug|Any CPU
		{ADA8FDF9-9771-4E7E-8C69-4B0F60DF1054}.Debug|Any CPU.Build.0 = Debug|Any CPU
		{ADA8FDF9-9771-4E7E-8C69-4B0F60DF1054}.Release|Any CPU.ActiveCfg = Release|Any CPU
		{ADA8FDF9-9771-4E7E-8C69-4B0F60DF1054}.Release|Any CPU.Build.0 = Release|Any CPU
	EndGlobalSection
	GlobalSection(SolutionProperties) = preSolution
		HideSolutionNode = FALSE
	EndGlobalSection
	GlobalSection(ExtensibilityGlobals) = postSolution
		SolutionGuid = {76638B09-08F8-4122-BC56-4D111D49BA6D}
	EndGlobalSection
EndGlobal
